
Microsoft Visual Studio Solution File, Format Version 12.00
# Visual Studio Version 16
VisualStudioVersion = 16.0.31129.286
MinimumVisualStudioVersion = 10.0.40219.1
Project("{9A19103F-16F7-4668-BE54-9A1E7A4F7556}") = "Business", "Business\Business.csproj", "{C2D12DEF-7AD5-4B95-B4A9-4E2FEB6A42F8}"
EndProject
Project("{9A19103F-16F7-4668-BE54-9A1E7A4F7556}") = "DataAccess", "DataAccess\DataAccess.csproj", "{4915F5BF-6838-4F50-AAC1-7285BB62CDA4}"
EndProject
Project("{9A19103F-16F7-4668-BE54-9A1E7A4F7556}") = "Entities", "Entities\Entities.csproj", "{C59BD612-A636-4061-A995-536A7486A72A}"
EndProject
Project("{9A19103F-16F7-4668-BE54-9A1E7A4F7556}") = "Core", "Core\Core.csproj", "{909362C0-01EA-419D-90AD-0258F2B2F6E9}"
EndProject
Project("{9A19103F-16F7-4668-BE54-9A1E7A4F7556}") = "ConsoleUI", "ConsoleUI\ConsoleUI.csproj", "{861EC1D4-2C68-4C13-B74C-1918160EFAD1}"
EndProject
Project("{FAE04EC0-301F-11D3-BF4B-00C04F79EFBC}") = "WebAPI", "WebAPI\WebAPI.csproj", "{FFA528B3-C081-4BB0-AFD6-325E4D2A2847}"
EndProject
Global
	GlobalSection(SolutionConfigurationPlatforms) = preSolution
		Debug|Any CPU = Debug|Any CPU
		Release|Any CPU = Release|Any CPU
	EndGlobalSection
	GlobalSection(ProjectConfigurationPlatforms) = postSolution
		{C2D12DEF-7AD5-4B95-B4A9-4E2FEB6A42F8}.Debug|Any CPU.ActiveCfg = Debug|Any CPU
		{C2D12DEF-7AD5-4B95-B4A9-4E2FEB6A42F8}.Debug|Any CPU.Build.0 = Debug|Any CPU
		{C2D12DEF-7AD5-4B95-B4A9-4E2FEB6A42F8}.Release|Any CPU.ActiveCfg = Release|Any CPU
		{C2D12DEF-7AD5-4B95-B4A9-4E2FEB6A42F8}.Release|Any CPU.Build.0 = Release|Any CPU
		{4915F5BF-6838-4F50-AAC1-7285BB62CDA4}.Debug|Any CPU.ActiveCfg = Debug|Any CPU
		{4915F5BF-6838-4F50-AAC1-7285BB62CDA4}.Debug|Any CPU.Build.0 = Debug|Any CPU
		{4915F5BF-6838-4F50-AAC1-7285BB62CDA4}.Release|Any CPU.ActiveCfg = Release|Any CPU
		{4915F5BF-6838-4F50-AAC1-7285BB62CDA4}.Release|Any CPU.Build.0 = Release|Any CPU
		{C59BD612-A636-4061-A995-536A7486A72A}.Debug|Any CPU.ActiveCfg = Debug|Any CPU
		{C59BD612-A636-4061-A995-536A7486A72A}.Debug|Any CPU.Build.0 = Debug|Any CPU
		{C59BD612-A636-4061-A995-536A7486A72A}.Release|Any CPU.ActiveCfg = Release|Any CPU
		{C59BD612-A636-4061-A995-536A7486A72A}.Release|Any CPU.Build.0 = Release|Any CPU
		{909362C0-01EA-419D-90AD-0258F2B2F6E9}.Debug|Any CPU.ActiveCfg = Debug|Any CPU
		{909362C0-01EA-419D-90AD-0258F2B2F6E9}.Debug|Any CPU.Build.0 = Debug|Any CPU
		{909362C0-01EA-419D-90AD-0258F2B2F6E9}.Release|Any CPU.ActiveCfg = Release|Any CPU
		{909362C0-01EA-419D-90AD-0258F2B2F6E9}.Release|Any CPU.Build.0 = Release|Any CPU
		{861EC1D4-2C68-4C13-B74C-1918160EFAD1}.Debug|Any CPU.ActiveCfg = Debug|Any CPU
		{861EC1D4-2C68-4C13-B74C-1918160EFAD1}.Debug|Any CPU.Build.0 = Debug|Any CPU
		{861EC1D4-2C68-4C13-B74C-1918160EFAD1}.Release|Any CPU.ActiveCfg = Release|Any CPU
		{861EC1D4-2C68-4C13-B74C-1918160EFAD1}.Release|Any CPU.Build.0 = Release|Any CPU
		{FFA528B3-C081-4BB0-AFD6-325E4D2A2847}.Debug|Any CPU.ActiveCfg = Debug|Any CPU
		{FFA528B3-C081-4BB0-AFD6-325E4D2A2847}.Debug|Any CPU.Build.0 = Debug|Any CPU
		{FFA528B3-C081-4BB0-AFD6-325E4D2A2847}.Release|Any CPU.ActiveCfg = Release|Any CPU
		{FFA528B3-C081-4BB0-AFD6-325E4D2A2847}.Release|Any CPU.Build.0 = Release|Any CPU
	EndGlobalSection
	GlobalSection(SolutionProperties) = preSolution
		HideSolutionNode = FALSE
	EndGlobalSection
	GlobalSection(ExtensibilityGlobals) = postSolution
		SolutionGuid = {99E7F722-80F7-42DB-A067-33F3E9CD1AB3}
	EndGlobalSection
EndGlobal
